buf.build/gen/go/bufbuild/knit-demo/connectrpc/go v1.11.1-20230504180255-7aead7ca16ee.1 h1:ojAZpXENC3lPVAklLk5i6lEyPSzgLCfPMO2ScRJTZEo=
buf.build/gen/go/bufbuild/knit-demo/connectrpc/go v1.11.1-20230504180255-7aead7ca16ee.1/go.mod h1:yi638TXONlT87bDYl/wkYk1dO1IED5otthKobl/c50s=
buf.build/gen/go/bufbuild/knit-demo/protocolbuffers/go v1.31.0-20230504180255-7aead7ca16ee.1 h1:RzlgIuzucCY8IozFMOF8/WlBarB5umvFhiDLfg7k5kU=
buf.build/gen/go/bufbuild/knit-demo/protocolbuffers/go v1.31.0-20230504180255-7aead7ca16ee.1/go.mod h1:BZLVYfNB5fYg6zNEY89na6bTxA7eqE8052NjQepk6OM=
buf.build/gen/go/bufbuild/knit/connectrpc/go v1.11.1-20230504140941-3dc602456973.1 h1:lC+Vogq5RHw+oy+7wASaQt/kHrnLu60lVlWaVYTTCGM=
buf.build/gen/go/bufbuild/knit/connectrpc/go v1.11.1-20230504140941-3dc602456973.1/go.mod h1:ovVwY+cWvneNHxccMIs7u67/5/XKc2cF7xmzaw29sX8=
buf.build/gen/go/bufbuild/knit/protocolbuffers/go v1.31.0-20230504140941-3dc602456973.1 h1:Pp2OpK3rFM426Ls0ccRAho8ZUPUPR93rJdeE+WVMY/4=
buf.build/gen/go/bufbuild/knit/protocolbuffers/go v1.31.0-20230504140941-3dc602456973.1/go.mod h1:A7EIxpa1IFXhEc8GxEaOPIhiUc2xFObYIC6GdXzH1V8=
buf.build/gen/go/bufbuild/reflect/connectrpc/go v1.11.0-20230627113514-3943db27b83c.1 h1:MOP8wXBeN1uSOCHeEwcDtJUSwdz9IinlMj1gdlPVWcA=
buf.build/gen/go/bufbuild/reflect/connectrpc/go v1.11.0-20230627113514-3943db27b83c.1/go.mod h1:NCsKYMDP/6O7IhDodDv4CNurILAlMVyOEO8DBt+yVmc=
buf.build/gen/go/bufbuild/reflect/protocolbuffers/go v1.31.0-20230627113514-3943db27b83c.1 h1:JDXHvxGjAeSlM4gX4xXPL5BT+puzS6vMcgK8K5cQRz0=
buf.build/gen/go/bufbuild/reflect/protocolbuffers/go v1.31.0-20230627113514-3943db27b83c.1/go.mod h1:3JED1QGgFgqC45IIPkydCq6dIcQKfG6/Ghf0RfKr2Ok=
connectrpc.com/connect v1.11.1 h1:dqRwblixqkVh+OFBOOL1yIf1jS/yP0MSJLijRj29bFg=
connectrpc.com/connect v1.11.1/go.mod h1:3AGaO6RRGMx5IKFfqbe3hvK1NqLosFNP2BxDYTPmNPo=
connectrpc.com/grpcreflect v1.2.0 h1:Q6og1S7HinmtbEuBvARLNwYmTbhEGRpHDhqrPNlmK+U=
connectrpc.com/grpcreflect v1.2.0/go.mod h1:nwSOKmE8nU5u/CidgHtPYk1PFI3U9ignz7iDMxOYkSY=
github.com/bradfitz/gomemcache v0.0.0-20230611145640-acc696258285 h1:Dr+ezPI5ivhMn/3WOoB86XzMhie146DNaBbhaQWZHMY=
github.com/bradfitz/gomemcache v0.0.0-20230611145640-acc696258285/go.mod h1:H0wQNHz2YrLsuXOZozoeDmnHXkNCRmMW0gwFWDfEZDA=
github.com/bufbuild/knit-go v0.0.3-0.20230817160331-c7aab1846eaf h1:g2bZ0IuY0vVeog7o7foFqFBei3BgSoxHJqUoyM6fSBY=
github.com/bufbuild/knit-go v0.0.3-0.20230817160331-c7aab1846eaf/go.mod h1:zitduFo6/M3GklwU4SlGiUnmiMTot4U5Jn4uGHVdvGg=
github.com/bufbuild/prototransform v0.3.1-0.20230817135718-c86c55ce89fd h1:/1cQc3ORVxeSlzgidBpl+78OEEImYC57XcPPaoKWIwc=
github.com/bufbuild/prototransform v0.3.1-0.20230817135718-c86c55ce89fd/go.mod h1:6oQEDdNqkMVBKIMTttNBaL3G0ZDJV9tUW+PnYZGJz04=
github.com/davecgh/go-spew v1.1.0/go.mod h1:J7Y8YcW2NihsgmVo/mv3lAwl/skON4iLHjSsI+c5H38=
github.com/davecgh/go-spew v1.1.1 h1:vj9j/u1bqnvCEfJOwUhtlOARqs3+rkHYY13jYWTU97c=
github.com/golang/protobuf v1.5.0/go.mod h1:FsONVRAS9T7sI+LIUmWTfcYkHO4aIWwzhcaSAoJOfIk=
github.com/gomodule/redigo v1.8.9 h1:Sl3u+2BI/kk+VEatbj0scLdrFhjPmbxOc1myhDP41ws=
github.com/gomodule/redigo v1.8.9/go.mod h1:7ArFNvsTjH8GMMzB4uy1snslv2BwmginuMs06a1uzZE=
github.com/google/go-cmp v0.5.5/go.mod h1:v8dTdLbMG2kIc/vJvl+f65V22dbkXbowE6jgT/gNBxE=
github.com/google/go-cmp v0.5.9 h1:O2Tfq5qg4qc4AmwVlvv0oLiVAGB7enBSJ2x2DqQFi38=
github.com/peterhellberg/swapi v0.0.0-20230222134402-c0bd79f5129c h1:FS5Yq0geZCGGFWq3yJJZhPWwsOlT8rUtOpSY3bDu6Jo=
github.com/peterhellberg/swapi v0.0.0-20230222134402-c0bd79f5129c/go.mod h1:MCpYUv2wWgketLY9WhCmAiCPEFTf/oUh7N4g0SGAuXQ=
github.com/pkg/errors v0.9.1 h1:FEBLx1zS214owpjy7qsBeixbURkuhQAwrK5UwLGTwt4=
github.com/pkg/errors v0.9.1/go.mod h1:bwawxfHBFNV+L2hUp1rHADufV3IMtnDRdf1r5NINEl0=
github.com/pmezard/go-difflib v1.0.0 h1:4DBwDE0NGyQoBHbLQYPwSUPoCMWR5BEzIk/f1lZbAQM=
github.com/pmezard/go-difflib v1.0.0/go.mod h1:iKH77koFhYxTK1pcRnkKkqfTogsbg7gZNVY4sRDYZ/4=
github.com/rs/cors v1.9.0 h1:l9HGsTsHJcvW14Nk7J9KFz8bzeAWXn3CG6bgt7LsrAE=
github.com/rs/cors v1.9.0/go.mod h1:XyqrcTp5zjWr1wsJ8PIRZssZ8b/WMcMf71DJnit4EMU=
github.com/stretchr/objx v0.1.0/go.mod h1:HFkY916IF+rwdDfMAkV7OtwuqBVzrE8GR6GFx+wExME=
github.com/stretchr/testify v1.7.0/go.mod h1:6Fq8oRcR53rry900zMqJjRRixrwX3KX962/h/Wwjteg=
github.com/stretchr/testify v1.8.4 h1:CcVxjf3Q8PM0mHUKJCdn+eZZtm5yQwehR5yeSVQQcUk=
go.uber.org/multierr v1.11.0 h1:blXXJkSxSSfBVBlC76pxqeO+LN3aDfLQo+309xJstO0=
go.uber.org/multierr v1.11.0/go.mod h1:20+QtiLqy0Nd6FdQB9TLXag12DsQkrbs3htMFfDN80Y=
go.uber.org/zap v1.25.0 h1:4Hvk6GtkucQ790dqmj7l1eEnRdKm3k3ZUrUMS2d5+5c=
go.uber.org/zap v1.25.0/go.mod h1:JIAUzQIH94IC4fOJQm7gMmBJP5k7wQfdcnYdPoEXJYk=
golang.org/x/net v0.14.0 h1:BONx9s002vGdD9umnlX1Po8vOZmrgH34qlHcD1MfK14=
golang.org/x/net v0.14.0/go.mod h1:PpSgVXXLK0OxS0F31C1/tv6XNguvCrnXIDrFMspZIUI=
golang.org/x/sync v0.3.0 h1:ftCYgMx6zT/asHUrPw8BLLscYtGznsLAnjq5RH9P66E=
golang.org/x/sync v0.3.0/go.mod h1:FU7BRWz2tNW+3quACPkgCx/L+uEAv1htQ0V83Z9Rj+Y=
golang.org/x/text v0.12.0 h1:k+n5B8goJNdU7hSvEtMUz3d1Q6D/XW4COJSJR6fN0mc=
golang.org/x/text v0.12.0/go.mod h1:TvPlkZtksWOMsz7fbANvkp4WM8x/WCo/om8BMLbz+aE=
golang.org/x/xerrors v0.0.0-20191204190536-9bdfabe68543/go.mod h1:I/5z698sn9Ka8TeJc9MKroUUfqBBauWjQqLJ2OPfmY0=
google.golang.org/genproto v0.0.0-20230222225845-10f96fb3dbec h1:6rwgChOSUfpzJF2/KnLgo+gMaxGpujStSkPWrbhXArU=
google.golang.org/genproto v0.0.0-20230222225845-10f96fb3dbec/go.mod h1:3Dl5ZL0q0isWJt+FVcfpQyirqemEuLAK/iFvg1UP1Hw=
google.golang.org/protobuf v1.26.0-rc.1/go.mod h1:jlhhOSvTdKEhbULTjvd4ARK9grFBp09yW+WbY/TyQbw=
google.golang.org/protobuf v1.31.0 h1:g0LDEJHgrBl9N9r17Ru3sqWhkIx2NB67okBHPwC7hs8=
google.golang.org/protobuf v1.31.0/go.mod h1:HV8QOd/L58Z+nl8r43ehVNZIU/HEI6OcFqwMG9pJV4I=
gopkg.in/check.v1 v0.0.0-20161208181325-20d25e280405/go.mod h1:Co6ibVJAznAaIkqp8huTwlJQCZ016jof/cbN4VW5Yz0=
gopkg.in/yaml.v3 v3.0.0-20200313102051-9f266ea9e77c/go.mod h1:K4uyk7z7BCEPqu6E+C64Yfv1cQ7kz7rIZviUmN+EgEM=
gopkg.in/yaml.v3 v3.0.1 h1:fxVm/GzAzEWqLHuvctI91KS9hhNmmWOoWu0XTYJS7CA=
gopkg.in/yaml.v3 v3.0.1/go.mod h1:K4uyk7z7BCEPqu6E+C64Yfv1cQ7kz7rIZviUmN+EgEM=
