buf.build/gen/go/bufbuild/knit-demo/connectrpc/go v1.11.1-20230504180255-7aead7ca16ee.1 h1:ojAZpXENC3lPVAklLk5i6lEyPSzgLCfPMO2ScRJTZEo=
buf.build/gen/go/bufbuild/knit-demo/connectrpc/go v1.11.1-20230504180255-7aead7ca16ee.1/go.mod h1:yi638TXONlT87bDYl/wkYk1dO1IED5otthKobl/c50s=
buf.build/gen/go/bufbuild/knit-demo/protocolbuffers/go v1.31.0-20230504180255-7aead7ca16ee.1 h1:RzlgIuzucCY8IozFMOF8/WlBarB5umvFhiDLfg7k5kU=
buf.build/gen/go/bufbuild/knit-demo/protocolbuffers/go v1.31.0-20230504180255-7aead7ca16ee.1/go.mod h1:BZLVYfNB5fYg6zNEY89na6bTxA7eqE8052NjQepk6OM=
buf.build/gen/go/bufbuild/knit/connectrpc/go v1.11.1-20230504140941-3dc602456973.1 h1:lC+Vogq5RHw+oy+7wASaQt/kHrnLu60lVlWaVYTTCGM=
buf.build/gen/go/bufbuild/knit/connectrpc/go v1.11.1-20230504140941-3dc602456973.1/go.mod h1:ovVwY+cWvneNHxccMIs7u67/5/XKc2cF7xmzaw29sX8=
buf.build/gen/go/bufbuild/knit/protocolbuffers/go v1.31.0-20230504140941-3dc602456973.1 h1:Pp2OpK3rFM426Ls0ccRAho8ZUPUPR93rJdeE+WVMY/4=
buf.build/gen/go/bufbuild/knit/protocolbuffers/go v1.31.0-20230504140941-3dc602456973.1/go.mod h1:A7EIxpa1IFXhEc8GxEaOPIhiUc2xFObYIC6GdXzH1V8=
connectrpc.com/connect v1.11.1 h1:dqRwblixqkVh+OFBOOL1yIf1jS/yP0MSJLijRj29bFg=
connectrpc.com/connect v1.11.1/go.mod h1:3AGaO6RRGMx5IKFfqbe3hvK1NqLosFNP2BxDYTPmNPo=
connectrpc.com/grpcreflect v1.2.0 h1:Q6og1S7HinmtbEuBvARLNwYmTbhEGRpHDhqrPNlmK+U=
connectrpc.com/grpcreflect v1.2.0/go.mod h1:nwSOKmE8nU5u/CidgHtPYk1PFI3U9ignz7iDMxOYkSY=
github.com/bufbuild/knit-go v0.1.0 h1:Vlyxs8sWL3c7CenjsoOEdZ/l8yJUx8StA18XouwXBDE=
github.com/bufbuild/knit-go v0.1.0/go.mod h1:zitduFo6/M3GklwU4SlGiUnmiMTot4U5Jn4uGHVdvGg=
github.com/davecgh/go-spew v1.1.1 h1:vj9j/u1bqnvCEfJOwUhtlOARqs3+rkHYY13jYWTU97c=
github.com/golang/protobuf v1.5.0/go.mod h1:FsONVRAS9T7sI+LIUmWTfcYkHO4aIWwzhcaSAoJOfIk=
github.com/google/go-cmp v0.5.5/go.mod h1:v8dTdLbMG2kIc/vJvl+f65V22dbkXbowE6jgT/gNBxE=
github.com/google/go-cmp v0.5.9 h1:O2Tfq5qg4qc4AmwVlvv0oLiVAGB7enBSJ2x2DqQFi38=
github.com/peterhellberg/swapi v0.0.0-20230222134402-c0bd79f5129c h1:FS5Yq0geZCGGFWq3yJJZhPWwsOlT8rUtOpSY3bDu6Jo=
github.com/peterhellberg/swapi v0.0.0-20230222134402-c0bd79f5129c/go.mod h1:MCpYUv2wWgketLY9WhCmAiCPEFTf/oUh7N4g0SGAuXQ=
github.com/pmezard/go-difflib v1.0.0 h1:4DBwDE0NGyQoBHbLQYPwSUPoCMWR5BEzIk/f1lZbAQM=
github.com/rs/cors v1.9.0 h1:l9HGsTsHJcvW14Nk7J9KFz8bzeAWXn3CG6bgt7LsrAE=
github.com/rs/cors v1.9.0/go.mod h1:XyqrcTp5zjWr1wsJ8PIRZssZ8b/WMcMf71DJnit4EMU=
github.com/stretchr/testify v1.8.4 h1:CcVxjf3Q8PM0mHUKJCdn+eZZtm5yQwehR5yeSVQQcUk=
golang.org/x/net v0.17.0 h1:pVaXccu2ozPjCXewfr1S7xza/zcXTity9cCdXQYSjIM=
golang.org/x/net v0.17.0/go.mod h1:NxSsAGuq816PNPmqtQdLE42eU2Fs7NoRIZrHJAlaCOE=
golang.org/x/sync v0.3.0 h1:ftCYgMx6zT/asHUrPw8BLLscYtGznsLAnjq5RH9P66E=
golang.org/x/sync v0.3.0/go.mod h1:FU7BRWz2tNW+3quACPkgCx/L+uEAv1htQ0V83Z9Rj+Y=
golang.org/x/text v0.13.0 h1:ablQoSUd0tRdKxZewP80B+BaqeKJuVhuRxj/dkrun3k=
golang.org/x/text v0.13.0/go.mod h1:TvPlkZtksWOMsz7fbANvkp4WM8x/WCo/om8BMLbz+aE=
golang.org/x/xerrors v0.0.0-20191204190536-9bdfabe68543/go.mod h1:I/5z698sn9Ka8TeJc9MKroUUfqBBauWjQqLJ2OPfmY0=
google.golang.org/genproto v0.0.0-20230222225845-10f96fb3dbec h1:6rwgChOSUfpzJF2/KnLgo+gMaxGpujStSkPWrbhXArU=
google.golang.org/genproto v0.0.0-20230222225845-10f96fb3dbec/go.mod h1:3Dl5ZL0q0isWJt+FVcfpQyirqemEuLAK/iFvg1UP1Hw=
google.golang.org/protobuf v1.26.0-rc.1/go.mod h1:jlhhOSvTdKEhbULTjvd4ARK9grFBp09yW+WbY/TyQbw=
google.golang.org/protobuf v1.31.0/go.mod h1:HV8QOd/L58Z+nl8r43ehVNZIU/HEI6OcFqwMG9pJV4I=
google.golang.org/protobuf v1.33.0 h1:uNO2rsAINq/JlFpSdYEKIZ0uKD/R9cpdv0T+yoGwGmI=
google.golang.org/protobuf v1.33.0/go.mod h1:c6P6GXX6sHbq/GpV6MGZEdwhWPcYBgnhAHhKbcUYpos=
gopkg.in/yaml.v3 v3.0.1 h1:fxVm/GzAzEWqLHuvctI91KS9hhNmmWOoWu0XTYJS7CA=
