buf.build/gen/go/bufbuild/knit-demo/bufbuild/connect-go v1.7.0-20230504180255-7aead7ca16ee.1 h1:DaOwMRA8YRhfYR/m69SbgbYBFWdx4/fxS/HXRJ0xaf8=
buf.build/gen/go/bufbuild/knit-demo/bufbuild/connect-go v1.7.0-20230504180255-7aead7ca16ee.1/go.mod h1:VZi7ozCYUB24nS222VKseCOORzsRXFeDWfAPNq+34KQ=
buf.build/gen/go/bufbuild/knit-demo/protocolbuffers/go v1.30.0-20230504180255-7aead7ca16ee.1 h1:MCN+KKyPzVvtgJrzQxEJj3loa3b5WKGhzYoPb8T/Mzw=
buf.build/gen/go/bufbuild/knit-demo/protocolbuffers/go v1.30.0-20230504180255-7aead7ca16ee.1/go.mod h1:D3MvPYDo/VwrGr0PHbWIha2MBAcoFeCCY2ZBcYsTepo=
buf.build/gen/go/bufbuild/knit/bufbuild/connect-go v1.7.0-20230504140941-3dc602456973.1 h1:UO5VZtfLW03qs8stGP9jDstQQzzAJdbZmlVtIOah280=
buf.build/gen/go/bufbuild/knit/bufbuild/connect-go v1.7.0-20230504140941-3dc602456973.1/go.mod h1:zE4qs0wSqtp0QpzXngvrgGLFy6ZBpL8EE2jSmdOUD+w=
buf.build/gen/go/bufbuild/knit/protocolbuffers/go v1.30.0-20230504140941-3dc602456973.1 h1:XBygYORdxM6ImtYu7NsJd94W2k5eYZAqUiOaly4jdyE=
buf.build/gen/go/bufbuild/knit/protocolbuffers/go v1.30.0-20230504140941-3dc602456973.1/go.mod h1:puJ8m7+AgZdN63sAJ02dpgbuhoFQN1URhTWULCBnALs=
github.com/bufbuild/connect-go v1.7.0 h1:MGp82v7SCza+3RhsVhV7aMikwxvI3ZfD72YiGt8FYJo=
github.com/bufbuild/connect-go v1.7.0/go.mod h1:GmMJYR6orFqD0Y6ZgX8pwQ8j9baizDrIQMm1/a6LnHk=
github.com/bufbuild/connect-grpcreflect-go v1.0.1-0.20230317120624-8e24e9604364 h1:qiRIhoFC0QibU5hUHZNVM0Rgowsv4Kw6S1te+Q7WLPg=
github.com/bufbuild/connect-grpcreflect-go v1.0.1-0.20230317120624-8e24e9604364/go.mod h1:57KmO9HZ/NoysS7mdbbCzUq/y6ogUFIZv034OHUR1as=
github.com/bufbuild/knit-go v0.0.1 h1:gQJ2uWR1ds1HDpUDOY7jdk2mGWUX1EJaz3pMCM5eNHE=
github.com/bufbuild/knit-go v0.0.1/go.mod h1:XtySG60koyHlcxVog2PaWst7EKTq3/UvVbjTFQJHCrM=
github.com/davecgh/go-spew v1.1.1 h1:vj9j/u1bqnvCEfJOwUhtlOARqs3+rkHYY13jYWTU97c=
github.com/golang/protobuf v1.5.0/go.mod h1:FsONVRAS9T7sI+LIUmWTfcYkHO4aIWwzhcaSAoJOfIk=
github.com/google/go-cmp v0.5.5/go.mod h1:v8dTdLbMG2kIc/vJvl+f65V22dbkXbowE6jgT/gNBxE=
github.com/google/go-cmp v0.5.9 h1:O2Tfq5qg4qc4AmwVlvv0oLiVAGB7enBSJ2x2DqQFi38=
github.com/peterhellberg/swapi v0.0.0-20230222134402-c0bd79f5129c h1:FS5Yq0geZCGGFWq3yJJZhPWwsOlT8rUtOpSY3bDu6Jo=
github.com/peterhellberg/swapi v0.0.0-20230222134402-c0bd79f5129c/go.mod h1:MCpYUv2wWgketLY9WhCmAiCPEFTf/oUh7N4g0SGAuXQ=
github.com/pmezard/go-difflib v1.0.0 h1:4DBwDE0NGyQoBHbLQYPwSUPoCMWR5BEzIk/f1lZbAQM=
github.com/rs/cors v1.8.3 h1:O+qNyWn7Z+F9M0ILBHgMVPuB1xTOucVd5gtaYyXBpRo=
github.com/rs/cors v1.8.3/go.mod h1:XyqrcTp5zjWr1wsJ8PIRZssZ8b/WMcMf71DJnit4EMU=
github.com/stretchr/testify v1.8.1 h1:w7B6lhMri9wdJUVmEZPGGhZzrYTPvgJArz7wNPgYKsk=
golang.org/x/net v0.7.0 h1:rJrUqqhjsgNp7KqAIc25s9pZnjU7TUcSY7HcVZjdn1g=
golang.org/x/net v0.7.0/go.mod h1:2Tu9+aMcznHK/AK1HMvgo6xiTLG5rD5rZLDS+rp2Bjs=
golang.org/x/sync v0.1.0 h1:wsuoTGHzEhffawBOhz5CYhcrV4IdKZbEyZjBMuTp12o=
golang.org/x/sync v0.1.0/go.mod h1:RxMgew5VJxzue5/jJTE5uejpjVlOe/izrB70Jof72aM=
golang.org/x/text v0.7.0 h1:4BRB4x83lYWy72KwLD/qYDuTu7q9PjSagHvijDw7cLo=
golang.org/x/text v0.7.0/go.mod h1:mrYo+phRRbMaCq/xk9113O4dZlRixOauAjOtrjsXDZ8=
golang.org/x/xerrors v0.0.0-20191204190536-9bdfabe68543/go.mod h1:I/5z698sn9Ka8TeJc9MKroUUfqBBauWjQqLJ2OPfmY0=
google.golang.org/genproto v0.0.0-20230222225845-10f96fb3dbec h1:6rwgChOSUfpzJF2/KnLgo+gMaxGpujStSkPWrbhXArU=
google.golang.org/genproto v0.0.0-20230222225845-10f96fb3dbec/go.mod h1:3Dl5ZL0q0isWJt+FVcfpQyirqemEuLAK/iFvg1UP1Hw=
google.golang.org/protobuf v1.26.0-rc.1/go.mod h1:jlhhOSvTdKEhbULTjvd4ARK9grFBp09yW+WbY/TyQbw=
google.golang.org/protobuf v1.30.0 h1:kPPoIgf3TsEvrm0PFe15JQ+570QVxYzEvvHqChK+cng=
google.golang.org/protobuf v1.30.0/go.mod h1:HV8QOd/L58Z+nl8r43ehVNZIU/HEI6OcFqwMG9pJV4I=
gopkg.in/yaml.v3 v3.0.1 h1:fxVm/GzAzEWqLHuvctI91KS9hhNmmWOoWu0XTYJS7CA=
